
Microsoft Visual Studio Solution File, Format Version 11.00
# Visual Studio 2010
Project("{8BC9CEB8-8B4A-11D0-8D11-00A0C91BC942}") = "gtestbadge", "gtestbadge\gtestbadge.vcxproj", "{A4724300-1C79-4145-8602-30CAB91B4C1D}"
EndProject
Global
	GlobalSection(DPCodeReviewSolutionGUID) = preSolution
		DPCodeReviewSolutionGUID = {00000000-0000-0000-0000-000000000000}
	EndGlobalSection
	GlobalSection(SolutionConfigurationPlatforms) = preSolution
		Debug|Win32 = Debug|Win32
		Release|Win32 = Release|Win32
	EndGlobalSection
	GlobalSection(ProjectConfigurationPlatforms) = postSolution
		{A4724300-1C79-4145-8602-30CAB91B4C1D}.Debug|Win32.ActiveCfg = Debug|Win32
		{A4724300-1C79-4145-8602-30CAB91B4C1D}.Debug|Win32.Build.0 = Debug|Win32
		{A4724300-1C79-4145-8602-30CAB91B4C1D}.Release|Win32.ActiveCfg = Release|Win32
		{A4724300-1C79-4145-8602-30CAB91B4C1D}.Release|Win32.Build.0 = Release|Win32
	EndGlobalSection
	GlobalSection(SolutionProperties) = preSolution
		HideSolutionNode = FALSE
	EndGlobalSection
EndGlobal
